// !$*UTF8*$!
{
	archiveVersion = 1;
	classes = {
	};
	objectVersion = 55;
	objects = {

/* Begin PBXBuildFile section */
		6A809FD7277CA06800A0320D /* AudioController.swift in Sources */ = {isa = PBXBuildFile; fileRef = 6A809FD6277CA06700A0320D /* AudioController.swift */; };
		6A809FD9277CA07D00A0320D /* SpeechRecognitionService.swift in Sources */ = {isa = PBXBuildFile; fileRef = 6A809FD8277CA07D00A0320D /* SpeechRecognitionService.swift */; };
		6AA8C30B277C6D1D000DB0F1 /* AppDelegate.swift in Sources */ = {isa = PBXBuildFile; fileRef = 6AA8C30A277C6D1D000DB0F1 /* AppDelegate.swift */; };
		6AA8C30D277C6D1D000DB0F1 /* SceneDelegate.swift in Sources */ = {isa = PBXBuildFile; fileRef = 6AA8C30C277C6D1D000DB0F1 /* SceneDelegate.swift */; };
		6AA8C30F277C6D1D000DB0F1 /* ViewController.swift in Sources */ = {isa = PBXBuildFile; fileRef = 6AA8C30E277C6D1D000DB0F1 /* ViewController.swift */; };
		6AA8C312277C6D1D000DB0F1 /* Main.storyboard in Resources */ = {isa = PBXBuildFile; fileRef = 6AA8C310277C6D1D000DB0F1 /* Main.storyboard */; };
		6AA8C314277C6D20000DB0F1 /* Assets.xcassets in Resources */ = {isa = PBXBuildFile; fileRef = 6AA8C313277C6D20000DB0F1 /* Assets.xcassets */; };
		6AA8C317277C6D20000DB0F1 /* LaunchScreen.storyboard in Resources */ = {isa = PBXBuildFile; fileRef = 6AA8C315277C6D20000DB0F1 /* LaunchScreen.storyboard */; };
		6AA8C31F277C76BA000DB0F1 /* OnDeviceViewController.swift in Sources */ = {isa = PBXBuildFile; fileRef = 6AA8C31E277C76BA000DB0F1 /* OnDeviceViewController.swift */; };
		6AA8C321277C7C83000DB0F1 /* GoogleViewController.swift in Sources */ = {isa = PBXBuildFile; fileRef = 6AA8C320277C7C83000DB0F1 /* GoogleViewController.swift */; };
		AC4205011ECE69F9C29B4826 /* Pods_SpeechRecognitionIOS.framework in Frameworks */ = {isa = PBXBuildFile; fileRef = 8A80B522714CBD03349053D6 /* Pods_SpeechRecognitionIOS.framework */; };
/* End PBXBuildFile section */

/* Begin PBXFileReference section */
		3E7B3461EB0B0DE6CC19A157 /* Pods-SpeechRecognitionIOS.release.xcconfig */ = {isa = PBXFileReference; includeInIndex = 1; lastKnownFileType = text.xcconfig; name = "Pods-SpeechRecognitionIOS.release.xcconfig"; path = "Target Support Files/Pods-SpeechRecognitionIOS/Pods-SpeechRecognitionIOS.release.xcconfig"; sourceTree = "<group>"; };
		6A809FD6277CA06700A0320D /* AudioController.swift */ = {isa = PBXFileReference; fileEncoding = 4; lastKnownFileType = sourcecode.swift; path = AudioController.swift; sourceTree = "<group>"; };
		6A809FD8277CA07D00A0320D /* SpeechRecognitionService.swift */ = {isa = PBXFileReference; fileEncoding = 4; lastKnownFileType = sourcecode.swift; path = SpeechRecognitionService.swift; sourceTree = "<group>"; };
		6AA8C307277C6D1D000DB0F1 /* SpeechRecognitionIOS.app */ = {isa = PBXFileReference; explicitFileType = wrapper.application; includeInIndex = 0; path = SpeechRecognitionIOS.app; sourceTree = BUILT_PRODUCTS_DIR; };
		6AA8C30A277C6D1D000DB0F1 /* AppDelegate.swift */ = {isa = PBXFileReference; lastKnownFileType = sourcecode.swift; path = AppDelegate.swift; sourceTree = "<group>"; };
		6AA8C30C277C6D1D000DB0F1 /* SceneDelegate.swift */ = {isa = PBXFileReference; lastKnownFileType = sourcecode.swift; path = SceneDelegate.swift; sourceTree = "<group>"; };
		6AA8C30E277C6D1D000DB0F1 /* ViewController.swift */ = {isa = PBXFileReference; lastKnownFileType = sourcecode.swift; path = ViewController.swift; sourceTree = "<group>"; };
		6AA8C311277C6D1D000DB0F1 /* Base */ = {isa = PBXFileReference; lastKnownFileType = file.storyboard; name = Base; path = Base.lproj/Main.storyboard; sourceTree = "<group>"; };
		6AA8C313277C6D20000DB0F1 /* Assets.xcassets */ = {isa = PBXFileReference; lastKnownFileType = folder.assetcatalog; path = Assets.xcassets; sourceTree = "<group>"; };
		6AA8C316277C6D20000DB0F1 /* Base */ = {isa = PBXFileReference; lastKnownFileType = file.storyboard; name = Base; path = Base.lproj/LaunchScreen.storyboard; sourceTree = "<group>"; };
		6AA8C318277C6D20000DB0F1 /* Info.plist */ = {isa = PBXFileReference; lastKnownFileType = text.plist.xml; path = Info.plist; sourceTree = "<group>"; };
		6AA8C31E277C76BA000DB0F1 /* OnDeviceViewController.swift */ = {isa = PBXFileReference; lastKnownFileType = sourcecode.swift; path = OnDeviceViewController.swift; sourceTree = "<group>"; };
		6AA8C320277C7C83000DB0F1 /* GoogleViewController.swift */ = {isa = PBXFileReference; lastKnownFileType = sourcecode.swift; path = GoogleViewController.swift; sourceTree = "<group>"; };
		6AA8C326277C829A000DB0F1 /* Speech-bridge.h */ = {isa = PBXFileReference; lastKnownFileType = sourcecode.c.h; path = "Speech-bridge.h"; sourceTree = "<group>"; };
		8A80B522714CBD03349053D6 /* Pods_SpeechRecognitionIOS.framework */ = {isa = PBXFileReference; explicitFileType = wrapper.framework; includeInIndex = 0; path = Pods_SpeechRecognitionIOS.framework; sourceTree = BUILT_PRODUCTS_DIR; };
		CB93A9D3AD18A1945953E7C9 /* Pods-SpeechRecognitionIOS.debug.xcconfig */ = {isa = PBXFileReference; includeInIndex = 1; lastKnownFileType = text.xcconfig; name = "Pods-SpeechRecognitionIOS.debug.xcconfig"; path = "Target Support Files/Pods-SpeechRecognitionIOS/Pods-SpeechRecognitionIOS.debug.xcconfig"; sourceTree = "<group>"; };
/* End PBXFileReference section */

/* Begin PBXFrameworksBuildPhase section */
		6AA8C304277C6D1D000DB0F1 /* Frameworks */ = {
			isa = PBXFrameworksBuildPhase;
			buildActionMask = 2147483647;
			files = (
				AC4205011ECE69F9C29B4826 /* Pods_SpeechRecognitionIOS.framework in Frameworks */,
			);
			runOnlyForDeploymentPostprocessing = 0;
		};
/* End PBXFrameworksBuildPhase section */

/* Begin PBXGroup section */
		6AA8C2FE277C6D1D000DB0F1 = {
			isa = PBXGroup;
			children = (
				6AA8C309277C6D1D000DB0F1 /* SpeechRecognitionIOS */,
				6AA8C308277C6D1D000DB0F1 /* Products */,
				BFE1F83FF0A6EE6D691FD657 /* Pods */,
				D906979F9696FABE1701EE63 /* Frameworks */,
			);
			sourceTree = "<group>";
		};
		6AA8C308277C6D1D000DB0F1 /* Products */ = {
			isa = PBXGroup;
			children = (
				6AA8C307277C6D1D000DB0F1 /* SpeechRecognitionIOS.app */,
			);
			name = Products;
			sourceTree = "<group>";
		};
		6AA8C309277C6D1D000DB0F1 /* SpeechRecognitionIOS */ = {
			isa = PBXGroup;
			children = (
				6A809FD8277CA07D00A0320D /* SpeechRecognitionService.swift */,
				6A809FD6277CA06700A0320D /* AudioController.swift */,
				6AA8C30A277C6D1D000DB0F1 /* AppDelegate.swift */,
				6AA8C30C277C6D1D000DB0F1 /* SceneDelegate.swift */,
				6AA8C30E277C6D1D000DB0F1 /* ViewController.swift */,
				6AA8C310277C6D1D000DB0F1 /* Main.storyboard */,
				6AA8C326277C829A000DB0F1 /* Speech-bridge.h */,
				6AA8C313277C6D20000DB0F1 /* Assets.xcassets */,
				6AA8C315277C6D20000DB0F1 /* LaunchScreen.storyboard */,
				6AA8C318277C6D20000DB0F1 /* Info.plist */,
				6AA8C31E277C76BA000DB0F1 /* OnDeviceViewController.swift */,
				6AA8C320277C7C83000DB0F1 /* GoogleViewController.swift */,
			);
			path = SpeechRecognitionIOS;
			sourceTree = "<group>";
		};
		BFE1F83FF0A6EE6D691FD657 /* Pods */ = {
			isa = PBXGroup;
			children = (
				CB93A9D3AD18A1945953E7C9 /* Pods-SpeechRecognitionIOS.debug.xcconfig */,
				3E7B3461EB0B0DE6CC19A157 /* Pods-SpeechRecognitionIOS.release.xcconfig */,
			);
			path = Pods;
			sourceTree = "<group>";
		};
		D906979F9696FABE1701EE63 /* Frameworks */ = {
			isa = PBXGroup;
			children = (
				8A80B522714CBD03349053D6 /* Pods_SpeechRecognitionIOS.framework */,
			);
			name = Frameworks;
			sourceTree = "<group>";
		};
/* End PBXGroup section */

/* Begin PBXNativeTarget section */
		6AA8C306277C6D1D000DB0F1 /* SpeechRecognitionIOS */ = {
			isa = PBXNativeTarget;
			buildConfigurationList = 6AA8C31B277C6D20000DB0F1 /* Build configuration list for PBXNativeTarget "SpeechRecognitionIOS" */;
			buildPhases = (
				CD30A8C5361E67F36124D3E9 /* [CP] Check Pods Manifest.lock */,
				6AA8C303277C6D1D000DB0F1 /* Sources */,
				6AA8C304277C6D1D000DB0F1 /* Frameworks */,
				6AA8C305277C6D1D000DB0F1 /* Resources */,
				F00B75312A51F01C9054594E /* [CP] Embed Pods Frameworks */,
			);
			buildRules = (
			);
			dependencies = (
			);
			name = SpeechRecognitionIOS;
			productName = SpeechRecognitionIOS;
			productReference = 6AA8C307277C6D1D000DB0F1 /* SpeechRecognitionIOS.app */;
			productType = "com.apple.product-type.application";
		};
/* End PBXNativeTarget section */

/* Begin PBXProject section */
		6AA8C2FF277C6D1D000DB0F1 /* Project object */ = {
			isa = PBXProject;
			attributes = {
				BuildIndependentTargetsInParallel = 1;
				LastSwiftUpdateCheck = 1320;
				LastUpgradeCheck = 1320;
				TargetAttributes = {
					6AA8C306277C6D1D000DB0F1 = {
						CreatedOnToolsVersion = 13.2;
					};
				};
			};
			buildConfigurationList = 6AA8C302277C6D1D000DB0F1 /* Build configuration list for PBXProject "SpeechRecognitionIOS" */;
			compatibilityVersion = "Xcode 13.0";
			developmentRegion = en;
			hasScannedForEncodings = 0;
			knownRegions = (
				en,
				Base,
			);
			mainGroup = 6AA8C2FE277C6D1D000DB0F1;
			productRefGroup = 6AA8C308277C6D1D000DB0F1 /* Products */;
			projectDirPath = "";
			projectRoot = "";
			targets = (
				6AA8C306277C6D1D000DB0F1 /* SpeechRecognitionIOS */,
			);
		};
/* End PBXProject section */

/* Begin PBXResourcesBuildPhase section */
		6AA8C305277C6D1D000DB0F1 /* Resources */ = {
			isa = PBXResourcesBuildPhase;
			buildActionMask = 2147483647;
			files = (
				6AA8C317277C6D20000DB0F1 /* LaunchScreen.storyboard in Resources */,
				6AA8C314277C6D20000DB0F1 /* Assets.xcassets in Resources */,
				6AA8C312277C6D1D000DB0F1 /* Main.storyboard in Resources */,
			);
			runOnlyForDeploymentPostprocessing = 0;
		};
/* End PBXResourcesBuildPhase section */

/* Begin PBXShellScriptBuildPhase section */
		CD30A8C5361E67F36124D3E9 /* [CP] Check Pods Manifest.lock */ = {
			isa = PBXShellScriptBuildPhase;
			buildActionMask = 2147483647;
			files = (
			);
			inputFileListPaths = (
			);
			inputPaths = (
				"${PODS_PODFILE_DIR_PATH}/Podfile.lock",
				"${PODS_ROOT}/Manifest.lock",
			);
			name = "[CP] Check Pods Manifest.lock";
			outputFileListPaths = (
			);
			outputPaths = (
				"$(DERIVED_FILE_DIR)/Pods-SpeechRecognitionIOS-checkManifestLockResult.txt",
			);
			runOnlyForDeploymentPostprocessing = 0;
			shellPath = /bin/sh;
			shellScript = "diff \"${PODS_PODFILE_DIR_PATH}/Podfile.lock\" \"${PODS_ROOT}/Manifest.lock\" > /dev/null\nif [ $? != 0 ] ; then\n    # print error to STDERR\n    echo \"error: The sandbox is not in sync with the Podfile.lock. Run 'pod install' or update your CocoaPods installation.\" >&2\n    exit 1\nfi\n# This output is used by Xcode 'outputs' to avoid re-running this script phase.\necho \"SUCCESS\" > \"${SCRIPT_OUTPUT_FILE_0}\"\n";
			showEnvVarsInLog = 0;
		};
		F00B75312A51F01C9054594E /* [CP] Embed Pods Frameworks */ = {
			isa = PBXShellScriptBuildPhase;
			buildActionMask = 2147483647;
			files = (
			);
			inputFileListPaths = (
				"${PODS_ROOT}/Target Support Files/Pods-SpeechRecognitionIOS/Pods-SpeechRecognitionIOS-frameworks-${CONFIGURATION}-input-files.xcfilelist",
			);
			name = "[CP] Embed Pods Frameworks";
			outputFileListPaths = (
				"${PODS_ROOT}/Target Support Files/Pods-SpeechRecognitionIOS/Pods-SpeechRecognitionIOS-frameworks-${CONFIGURATION}-output-files.xcfilelist",
			);
			runOnlyForDeploymentPostprocessing = 0;
			shellPath = /bin/sh;
			shellScript = "\"${PODS_ROOT}/Target Support Files/Pods-SpeechRecognitionIOS/Pods-SpeechRecognitionIOS-frameworks.sh\"\n";
			showEnvVarsInLog = 0;
		};
/* End PBXShellScriptBuildPhase section */

/* Begin PBXSourcesBuildPhase section */
		6AA8C303277C6D1D000DB0F1 /* Sources */ = {
			isa = PBXSourcesBuildPhase;
			buildActionMask = 2147483647;
			files = (
				6AA8C30F277C6D1D000DB0F1 /* ViewController.swift in Sources */,
				6A809FD9277CA07D00A0320D /* SpeechRecognitionService.swift in Sources */,
				6AA8C30B277C6D1D000DB0F1 /* AppDelegate.swift in Sources */,
				6AA8C30D277C6D1D000DB0F1 /* SceneDelegate.swift in Sources */,
				6AA8C31F277C76BA000DB0F1 /* OnDeviceViewController.swift in Sources */,
				6A809FD7277CA06800A0320D /* AudioController.swift in Sources */,
				6AA8C321277C7C83000DB0F1 /* GoogleViewController.swift in Sources */,
			);
			runOnlyForDeploymentPostprocessing = 0;
		};
/* End PBXSourcesBuildPhase section */

/* Begin PBXVariantGroup section */
		6AA8C310277C6D1D000DB0F1 /* Main.storyboard */ = {
			isa = PBXVariantGroup;
			children = (
				6AA8C311277C6D1D000DB0F1 /* Base */,
			);
			name = Main.storyboard;
			sourceTree = "<group>";
		};
		6AA8C315277C6D20000DB0F1 /* LaunchScreen.storyboard */ = {
			isa = PBXVariantGroup;
			children = (
				6AA8C316277C6D20000DB0F1 /* Base */,
			);
			name = LaunchScreen.storyboard;
			sourceTree = "<group>";
		};
/* End PBXVariantGroup section */

/* Begin XCBuildConfiguration section */
		6AA8C319277C6D20000DB0F1 /* Debug */ = {
			isa = XCBuildConfiguration;
			buildSettings = {
				ALWAYS_SEARCH_USER_PATHS = NO;
				CLANG_ANALYZER_NONNULL = YES;
				CLANG_ANALYZER_NUMBER_OBJECT_CONVERSION = YES_AGGRESSIVE;
				CLANG_CXX_LANGUAGE_STANDARD = "gnu++17";
				CLANG_CXX_LIBRARY = "libc++";
				CLANG_ENABLE_MODULES = YES;
				CLANG_ENABLE_OBJC_ARC = YES;
				CLANG_ENABLE_OBJC_WEAK = YES;
				CLANG_WARN_BLOCK_CAPTURE_AUTORELEASING = YES;
				CLANG_WARN_BOOL_CONVERSION = YES;
				CLANG_WARN_COMMA = YES;
				CLANG_WARN_CONSTANT_CONVERSION = YES;
				CLANG_WARN_DEPRECATED_OBJC_IMPLEMENTATIONS = YES;
				CLANG_WARN_DIRECT_OBJC_ISA_USAGE = YES_ERROR;
				CLANG_WARN_DOCUMENTATION_COMMENTS = YES;
				CLANG_WARN_EMPTY_BODY = YES;
				CLANG_WARN_ENUM_CONVERSION = YES;
				CLANG_WARN_INFINITE_RECURSION = YES;
				CLANG_WARN_INT_CONVERSION = YES;
				CLANG_WARN_NON_LITERAL_NULL_CONVERSION = YES;
				CLANG_WARN_OBJC_IMPLICIT_RETAIN_SELF = YES;
				CLANG_WARN_OBJC_LITERAL_CONVERSION = YES;
				CLANG_WARN_OBJC_ROOT_CLASS = YES_ERROR;
				CLANG_WARN_QUOTED_INCLUDE_IN_FRAMEWORK_HEADER = YES;
				CLANG_WARN_RANGE_LOOP_ANALYSIS = YES;
				CLANG_WARN_STRICT_PROTOTYPES = YES;
				CLANG_WARN_SUSPICIOUS_MOVE = YES;
				CLANG_WARN_UNGUARDED_AVAILABILITY = YES_AGGRESSIVE;
				CLANG_WARN_UNREACHABLE_CODE = YES;
				CLANG_WARN__DUPLICATE_METHOD_MATCH = YES;
				COPY_PHASE_STRIP = NO;
				DEBUG_INFORMATION_FORMAT = dwarf;
				ENABLE_STRICT_OBJC_MSGSEND = YES;
				ENABLE_TESTABILITY = YES;
				GCC_C_LANGUAGE_STANDARD = gnu11;
				GCC_DYNAMIC_NO_PIC = NO;
				GCC_NO_COMMON_BLOCKS = YES;
				GCC_OPTIMIZATION_LEVEL = 0;
				GCC_PREPROCESSOR_DEFINITIONS = (
					"DEBUG=1",
					"$(inherited)",
				);
				GCC_WARN_64_TO_32_BIT_CONVERSION = YES;
				GCC_WARN_ABOUT_RETURN_TYPE = YES_ERROR;
				GCC_WARN_UNDECLARED_SELECTOR = YES;
				GCC_WARN_UNINITIALIZED_AUTOS = YES_AGGRESSIVE;
				GCC_WARN_UNUSED_FUNCTION = YES;
				GCC_WARN_UNUSED_VARIABLE = YES;
				IPHONEOS_DEPLOYMENT_TARGET = 15.2;
				MTL_ENABLE_DEBUG_INFO = INCLUDE_SOURCE;
				MTL_FAST_MATH = YES;
				ONLY_ACTIVE_ARCH = YES;
				SDKROOT = iphoneos;
				SWIFT_ACTIVE_COMPILATION_CONDITIONS = DEBUG;
				SWIFT_OPTIMIZATION_LEVEL = "-Onone";
			};
			name = Debug;
		};
		6AA8C31A277C6D20000DB0F1 /* Release */ = {
			isa = XCBuildConfiguration;
			buildSettings = {
				ALWAYS_SEARCH_USER_PATHS = NO;
				CLANG_ANALYZER_NONNULL = YES;
				CLANG_ANALYZER_NUMBER_OBJECT_CONVERSION = YES_AGGRESSIVE;
				CLANG_CXX_LANGUAGE_STANDARD = "gnu++17";
				CLANG_CXX_LIBRARY = "libc++";
				CLANG_ENABLE_MODULES = YES;
				CLANG_ENABLE_OBJC_ARC = YES;
				CLANG_ENABLE_OBJC_WEAK = YES;
				CLANG_WARN_BLOCK_CAPTURE_AUTORELEASING = YES;
				CLANG_WARN_BOOL_CONVERSION = YES;
				CLANG_WARN_COMMA = YES;
				CLANG_WARN_CONSTANT_CONVERSION = YES;
				CLANG_WARN_DEPRECATED_OBJC_IMPLEMENTATIONS = YES;
				CLANG_WARN_DIRECT_OBJC_ISA_USAGE = YES_ERROR;
				CLANG_WARN_DOCUMENTATION_COMMENTS = YES;
				CLANG_WARN_EMPTY_BODY = YES;
				CLANG_WARN_ENUM_CONVERSION = YES;
				CLANG_WARN_INFINITE_RECURSION = YES;
				CLANG_WARN_INT_CONVERSION = YES;
				CLANG_WARN_NON_LITERAL_NULL_CONVERSION = YES;
				CLANG_WARN_OBJC_IMPLICIT_RETAIN_SELF = YES;
				CLANG_WARN_OBJC_LITERAL_CONVERSION = YES;
				CLANG_WARN_OBJC_ROOT_CLASS = YES_ERROR;
				CLANG_WARN_QUOTED_INCLUDE_IN_FRAMEWORK_HEADER = YES;
				CLANG_WARN_RANGE_LOOP_ANALYSIS = YES;
				CLANG_WARN_STRICT_PROTOTYPES = YES;
				CLANG_WARN_SUSPICIOUS_MOVE = YES;
				CLANG_WARN_UNGUARDED_AVAILABILITY = YES_AGGRESSIVE;
				CLANG_WARN_UNREACHABLE_CODE = YES;
				CLANG_WARN__DUPLICATE_METHOD_MATCH = YES;
				COPY_PHASE_STRIP = NO;
				DEBUG_INFORMATION_FORMAT = "dwarf-with-dsym";
				ENABLE_NS_ASSERTIONS = NO;
				ENABLE_STRICT_OBJC_MSGSEND = YES;
				GCC_C_LANGUAGE_STANDARD = gnu11;
				GCC_NO_COMMON_BLOCKS = YES;
				GCC_WARN_64_TO_32_BIT_CONVERSION = YES;
				GCC_WARN_ABOUT_RETURN_TYPE = YES_ERROR;
				GCC_WARN_UNDECLARED_SELECTOR = YES;
				GCC_WARN_UNINITIALIZED_AUTOS = YES_AGGRESSIVE;
				GCC_WARN_UNUSED_FUNCTION = YES;
				GCC_WARN_UNUSED_VARIABLE = YES;
				IPHONEOS_DEPLOYMENT_TARGET = 15.2;
				MTL_ENABLE_DEBUG_INFO = NO;
				MTL_FAST_MATH = YES;
				SDKROOT = iphoneos;
				SWIFT_COMPILATION_MODE = wholemodule;
				SWIFT_OPTIMIZATION_LEVEL = "-O";
				VALIDATE_PRODUCT = YES;
			};
			name = Release;
		};
		6AA8C31C277C6D20000DB0F1 /* Debug */ = {
			isa = XCBuildConfiguration;
			baseConfigurationReference = CB93A9D3AD18A1945953E7C9 /* Pods-SpeechRecognitionIOS.debug.xcconfig */;
			buildSettings = {
				ASSETCATALOG_COMPILER_APPICON_NAME = AppIcon;
				ASSETCATALOG_COMPILER_GLOBAL_ACCENT_COLOR_NAME = AccentColor;
				CODE_SIGN_STYLE = Automatic;
				CURRENT_PROJECT_VERSION = 1;
				DEVELOPMENT_TEAM = S996Y85R97;
				GENERATE_INFOPLIST_FILE = YES;
				INFOPLIST_FILE = SpeechRecognitionIOS/Info.plist;
				INFOPLIST_KEY_NSMicrophoneUsageDescription = "Please allow access to microphone";
				INFOPLIST_KEY_NSSpeechRecognitionUsageDescription = "Please allow us listen to your voice";
				INFOPLIST_KEY_UIApplicationSupportsIndirectInputEvents = YES;
				INFOPLIST_KEY_UILaunchStoryboardName = LaunchScreen;
				INFOPLIST_KEY_UIMainStoryboardFile = Main;
				INFOPLIST_KEY_UISupportedInterfaceOrientations = "UIInterfaceOrientationPortrait UIInterfaceOrientationPortraitUpsideDown UIInterfaceOrientationLandscapeRight";
				INFOPLIST_KEY_UISupportedInterfaceOrientations_iPad = "UIInterfaceOrientationPortrait UIInterfaceOrientationPortraitUpsideDown UIInterfaceOrientationLandscapeLeft UIInterfaceOrientationLandscapeRight";
				INFOPLIST_KEY_UISupportedInterfaceOrientations_iPhone = "UIInterfaceOrientationPortrait UIInterfaceOrientationLandscapeLeft UIInterfaceOrientationLandscapeRight";
				IPHONEOS_DEPLOYMENT_TARGET = 15.0;
				LD_RUNPATH_SEARCH_PATHS = (
					"$(inherited)",
					"@executable_path/Frameworks",
				);
				MARKETING_VERSION = 1.0;
				PRODUCT_BUNDLE_IDENTIFIER = com.SpeechRecognition.joshuvi.SpeechRecognitionIOS;
				PRODUCT_NAME = "$(TARGET_NAME)";
				SWIFT_EMIT_LOC_STRINGS = YES;
				SWIFT_VERSION = 5.0;
				TARGETED_DEVICE_FAMILY = "1,2";
			};
			name = Debug;
		};
		6AA8C31D277C6D20000DB0F1 /* Release */ = {
			isa = XCBuildConfiguration;
			baseConfigurationReference = 3E7B3461EB0B0DE6CC19A157 /* Pods-SpeechRecognitionIOS.release.xcconfig */;
			buildSettings = {
				ASSETCATALOG_COMPILER_APPICON_NAME = AppIcon;
				ASSETCATALOG_COMPILER_GLOBAL_ACCENT_COLOR_NAME = AccentColor;
				CODE_SIGN_STYLE = Automatic;
				CURRENT_PROJECT_VERSION = 1;
				DEVELOPMENT_TEAM = S996Y85R97;
				GENERATE_INFOPLIST_FILE = YES;
				INFOPLIST_FILE = SpeechRecognitionIOS/Info.plist;
				INFOPLIST_KEY_NSMicrophoneUsageDescription = "Please allow access to microphone";
				INFOPLIST_KEY_NSSpeechRecognitionUsageDescription = "Please allow us listen to your voice";
				INFOPLIST_KEY_UIApplicationSupportsIndirectInputEvents = YES;
				INFOPLIST_KEY_UILaunchStoryboardName = LaunchScreen;
				INFOPLIST_KEY_UIMainStoryboardFile = Main;
				INFOPLIST_KEY_UISupportedInterfaceOrientations = "UIInterfaceOrientationPortrait UIInterfaceOrientationPortraitUpsideDown UIInterfaceOrientationLandscapeRight";
				INFOPLIST_KEY_UISupportedInterfaceOrientations_iPad = "UIInterfaceOrientationPortrait UIInterfaceOrientationPortraitUpsideDown UIInterfaceOrientationLandscapeLeft UIInterfaceOrientationLandscapeRight";
				INFOPLIST_KEY_UISupportedInterfaceOrientations_iPhone = "UIInterfaceOrientationPortrait UIInterfaceOrientationLandscapeLeft UIInterfaceOrientationLandscapeRight";
				IPHONEOS_DEPLOYMENT_TARGET = 15.0;
				LD_RUNPATH_SEARCH_PATHS = (
					"$(inherited)",
					"@executable_path/Frameworks",
				);
				MARKETING_VERSION = 1.0;
				PRODUCT_BUNDLE_IDENTIFIER = com.SpeechRecognition.joshuvi.SpeechRecognitionIOS;
				PRODUCT_NAME = "$(TARGET_NAME)";
				SWIFT_EMIT_LOC_STRINGS = YES;
				SWIFT_VERSION = 5.0;
				TARGETED_DEVICE_FAMILY = "1,2";
			};
			name = Release;
		};
/* End XCBuildConfiguration section */

/* Begin XCConfigurationList section */
		6AA8C302277C6D1D000DB0F1 /* Build configuration list for PBXProject "SpeechRecognitionIOS" */ = {
			isa = XCConfigurationList;
			buildConfigurations = (
				6AA8C319277C6D20000DB0F1 /* Debug */,
				6AA8C31A277C6D20000DB0F1 /* Release */,
			);
			defaultConfigurationIsVisible = 0;
			defaultConfigurationName = Release;
		};
		6AA8C31B277C6D20000DB0F1 /* Build configuration list for PBXNativeTarget "SpeechRecognitionIOS" */ = {
			isa = XCConfigurationList;
			buildConfigurations = (
				6AA8C31C277C6D20000DB0F1 /* Debug */,
				6AA8C31D277C6D20000DB0F1 /* Release */,
			);
			defaultConfigurationIsVisible = 0;
			defaultConfigurationName = Release;
		};
/* End XCConfigurationList section */
	};
	rootObject = 6AA8C2FF277C6D1D000DB0F1 /* Project object */;
}
